
Microsoft Visual Studio Solution File, Format Version 12.00
# Visual Studio Version 17
VisualStudioVersion = 17.3.32825.248
MinimumVisualStudioVersion = 10.0.40219.1
Project("{FAE04EC0-301F-11D3-BF4B-00C04F79EFBC}") = "AspectHelper", "AspectHelper\AspectHelper.csproj", "{F1FF1079-1D7E-42C4-8FF1-46C8C2421AAB}"
EndProject
Global
	GlobalSection(SolutionConfigurationPlatforms) = preSolution
		Debug|Any CPU = Debug|Any CPU
		Release|Any CPU = Release|Any CPU
	EndGlobalSection
	GlobalSection(ProjectConfigurationPlatforms) = postSolution
		{F1FF1079-1D7E-42C4-8FF1-46C8C2421AAB}.Debug|Any CPU.ActiveCfg = Debug|Any CPU
		{F1FF1079-1D7E-42C4-8FF1-46C8C2421AAB}.Debug|Any CPU.Build.0 = Debug|Any CPU
		{F1FF1079-1D7E-42C4-8FF1-46C8C2421AAB}.Release|Any CPU.ActiveCfg = Release|Any CPU
		{F1FF1079-1D7E-42C4-8FF1-46C8C2421AAB}.Release|Any CPU.Build.0 = Release|Any CPU
	EndGlobalSection
	GlobalSection(SolutionProperties) = preSolution
		HideSolutionNode = FALSE
	EndGlobalSection
	GlobalSection(ExtensibilityGlobals) = postSolution
		SolutionGuid = {D63A65D5-2D01-40E1-9BF0-302EE4ADA8C3}
	EndGlobalSection
EndGlobal
